<?xml version="1.0" encoding="utf-8"?>
<Project ToolsVersion="4.0" xmlns="http://schemas.microsoft.com/developer/msbuild/2003">
  <ItemGroup>
    <Filter Include="main">
      <UniqueIdentifier>{632fda17-6d54-4988-b4fa-6e4a4a974eb0}</UniqueIdentifier>
    </Filter>
    <Filter Include="main\리소스 파일">
      <UniqueIdentifier>{67DA6AB6-F800-4c08-8B7A-83BB121AAD01}</UniqueIdentifier>
      <Extensions>rc;ico;cur;bmp;dlg;rc2;rct;bin;rgs;gif;jpg;jpeg;jpe;resx;tiff;tif;png;wav;mfcribbon-ms</Extensions>
    </Filter>
    <Filter Include="Engine">
      <UniqueIdentifier>{58486ccd-d3e7-45ca-8954-e76bb193f8b8}</UniqueIdentifier>
    </Filter>
    <Filter Include="Engine\Manager">
      <UniqueIdentifier>{f328dece-4375-4980-bb67-9bdd21232766}</UniqueIdentifier>
    </Filter>
    <Filter Include="Engine\Common">
      <UniqueIdentifier>{8efab217-f5a7-4067-8642-5ebbe0a40516}</UniqueIdentifier>
    </Filter>
    <Filter Include="Engine\GameObject">
      <UniqueIdentifier>{717f3ed2-2713-40e1-8793-a8dadf9d91d9}</UniqueIdentifier>
    </Filter>
    <Filter Include="Engine\GameObject\Base">
      <UniqueIdentifier>{ad733301-7271-4db4-90f9-738884dd1a43}</UniqueIdentifier>
    </Filter>
    <Filter Include="Engine\Scene">
      <UniqueIdentifier>{2d46a331-cf5b-4c43-9760-cd05c2eb4c2c}</UniqueIdentifier>
    </Filter>
    <Filter Include="Engine\Scene\Base">
      <UniqueIdentifier>{0914b1f5-2690-4415-b0b2-796768f136b8}</UniqueIdentifier>
    </Filter>
    <Filter Include="Engine\High Level Interface">
      <UniqueIdentifier>{ae0f19ae-3e04-48f2-8c10-91e474931f38}</UniqueIdentifier>
    </Filter>
    <Filter Include="Engine\Resource">
      <UniqueIdentifier>{cf17ba45-eebf-4eb5-99db-593a63c306a5}</UniqueIdentifier>
    </Filter>
    <Filter Include="Engine\Resource\Base">
      <UniqueIdentifier>{5fcd861b-8359-4ed3-9664-65105addaf8a}</UniqueIdentifier>
    </Filter>
    <Filter Include="Engine\Component">
      <UniqueIdentifier>{f9411ba0-6e05-452f-965c-77a7de9b83b5}</UniqueIdentifier>
    </Filter>
    <Filter Include="Engine\Component\Base">
      <UniqueIdentifier>{4ac9af7b-ed72-47bb-9cf6-47686c3cf599}</UniqueIdentifier>
    </Filter>
    <Filter Include="Engine\GameObject\Enemies">
      <UniqueIdentifier>{6e7d4fa5-9311-478b-9c5c-3c49905fd1e2}</UniqueIdentifier>
    </Filter>
    <Filter Include="Engine\GameObject\Player">
      <UniqueIdentifier>{043dcf55-e173-442a-ba63-7a92d59f545f}</UniqueIdentifier>
    </Filter>
    <Filter Include="Engine\GameObject\Object">
      <UniqueIdentifier>{32d56f81-4a94-4b04-9e85-307f1238195e}</UniqueIdentifier>
    </Filter>
    <Filter Include="Engine\GameObject\Tile">
      <UniqueIdentifier>{3fe63d49-4370-4b41-8582-5870e7ed6966}</UniqueIdentifier>
    </Filter>
    <Filter Include="Engine\GameObject\UI">
      <UniqueIdentifier>{ff218ba4-985f-434d-9458-56a3418acabe}</UniqueIdentifier>
    </Filter>
    <Filter Include="Engine\GameObject\UI\Base">
      <UniqueIdentifier>{38f5370c-7057-476a-abf9-77f65020f66d}</UniqueIdentifier>
    </Filter>
    <Filter Include="Engine\GameObject\UI\LogoSceneUI">
      <UniqueIdentifier>{8e7c7dc1-4276-4a02-a850-92524de96b6c}</UniqueIdentifier>
    </Filter>
    <Filter Include="Engine\GameObject\UI\PlaySceneUI">
      <UniqueIdentifier>{4786dcc0-13e8-4b85-a23e-9ca04a2b3027}</UniqueIdentifier>
    </Filter>
    <Filter Include="Engine\GameObject\UI\LogoSceneUI\PlayerSelectUI">
      <UniqueIdentifier>{9cc3603e-15e3-4209-a886-96280f7bf819}</UniqueIdentifier>
    </Filter>
    <Filter Include="Engine\GameObject\UI\LogoSceneUI\PlayerSelectUI\McUI">
      <UniqueIdentifier>{d714902f-54e8-4da6-86d7-93b21375f73c}</UniqueIdentifier>
    </Filter>
    <Filter Include="Engine\GameObject\UI\LogoSceneUI\PlayerSelectUI\McUI\SelectBg">
      <UniqueIdentifier>{291910ce-f50e-4c44-9e3a-9ee8ea08f9ba}</UniqueIdentifier>
    </Filter>
    <Filter Include="Engine\GameObject\UI\LogoSceneUI\PlayerSelectUI\ToteUI">
      <UniqueIdentifier>{d1c8ee17-de95-473e-8018-263246e783e8}</UniqueIdentifier>
    </Filter>
    <Filter Include="Engine\GameObject\UI\LogoSceneUI\PlayerSelectUI\ToteUI\SelectBg">
      <UniqueIdentifier>{527d875c-426f-4b17-9262-9a8034f0d61d}</UniqueIdentifier>
    </Filter>
    <Filter Include="Engine\GameObject\UI\LogoSceneUI\PlayerSelectUI\Cr8UI">
      <UniqueIdentifier>{39338a6b-ba0e-43d2-9432-15e984557c42}</UniqueIdentifier>
    </Filter>
    <Filter Include="Engine\GameObject\UI\LogoSceneUI\PlayerSelectUI\Cr8UI\SelectBg">
      <UniqueIdentifier>{e42703aa-44af-4982-8660-af2256cdf16c}</UniqueIdentifier>
    </Filter>
    <Filter Include="Engine\GameObject\UI\LogoSceneUI\PlayerSelectUI\SetchelUI">
      <UniqueIdentifier>{a6507b37-f84b-45b4-b274-dbaeb7dc84af}</UniqueIdentifier>
    </Filter>
    <Filter Include="Engine\GameObject\UI\LogoSceneUI\PlayerSelectUI\SetchelUI\SelectBg">
      <UniqueIdentifier>{b2fe0b3f-871d-4254-8248-425293c5ab4d}</UniqueIdentifier>
    </Filter>
    <Filter Include="Engine\GameObject\UI\LogoSceneUI\PlayerSelectUI\Title">
      <UniqueIdentifier>{418b725b-28d3-4151-ad52-d26fd1e9b435}</UniqueIdentifier>
    </Filter>
    <Filter Include="Engine\GameObject\UI\PlaySceneUI\Top_Status_Bar">
      <UniqueIdentifier>{200837fe-6a0a-484e-ab7d-3ab9e20156ef}</UniqueIdentifier>
    </Filter>
    <Filter Include="Engine\GameObject\UI\PlaySceneUI\Mid_Status_Bar">
      <UniqueIdentifier>{8b0ad01b-9b32-4f34-aa35-db1d78a590f4}</UniqueIdentifier>
    </Filter>
    <Filter Include="Engine\GameObject\Enemies\Monster_include">
      <UniqueIdentifier>{f510b0d9-2cdc-4214-995a-11ca4f97edf4}</UniqueIdentifier>
    </Filter>
    <Filter Include="Engine\GameObject\UI\PlaySceneUI\Item">
      <UniqueIdentifier>{aadae0b0-31be-4f6e-970c-eeb78aa3d44d}</UniqueIdentifier>
    </Filter>
    <Filter Include="Engine\GameObject\UI\PlaySceneUI\Item\Armor">
      <UniqueIdentifier>{724baae7-8078-457d-9a82-e35e2402ad36}</UniqueIdentifier>
    </Filter>
    <Filter Include="Engine\GameObject\UI\PlaySceneUI\Item\Bow_Arrow">
      <UniqueIdentifier>{860706b3-38aa-4b47-9944-922caa08a1d3}</UniqueIdentifier>
    </Filter>
    <Filter Include="Engine\GameObject\UI\PlaySceneUI\Item\Dagger">
      <UniqueIdentifier>{27c0298f-0099-40a8-9962-0b6e10e32afc}</UniqueIdentifier>
    </Filter>
    <Filter Include="Engine\GameObject\UI\PlaySceneUI\Item\Jewelry">
      <UniqueIdentifier>{954c0a23-240c-4f16-ae14-203ce184e28a}</UniqueIdentifier>
    </Filter>
    <Filter Include="Engine\GameObject\UI\PlaySceneUI\Item\Potion">
      <UniqueIdentifier>{54291a3a-31c4-433e-9373-3107e881db85}</UniqueIdentifier>
    </Filter>
    <Filter Include="Engine\GameObject\UI\PlaySceneUI\Item\Weapon">
      <UniqueIdentifier>{904c82c8-0f57-4726-a12a-544b52f6f06c}</UniqueIdentifier>
    </Filter>
    <Filter Include="Engine\GameObject\UI\PlaySceneUI\Item\Shield">
      <UniqueIdentifier>{4fc687b7-832f-40d0-9128-180db7ad06a0}</UniqueIdentifier>
    </Filter>
    <Filter Include="Engine\GameObject\UI\PlaySceneUI\Item\Item_include">
      <UniqueIdentifier>{fc197271-ac30-4dea-9d69-c7fc3976f139}</UniqueIdentifier>
    </Filter>
    <Filter Include="Engine\GameObject\UI\PlaySceneUI\Mid_Status_Bar\Map">
      <UniqueIdentifier>{16863a61-df3c-4cb6-be82-ce0bfced9edf}</UniqueIdentifier>
    </Filter>
  </ItemGroup>
  <ItemGroup>
    <ClInclude Include="44thWindowAPI.h">
      <Filter>main</Filter>
    </ClInclude>
    <ClInclude Include="framework.h">
      <Filter>main</Filter>
    </ClInclude>
    <ClInclude Include="Resource.h">
      <Filter>main</Filter>
    </ClInclude>
    <ClInclude Include="targetver.h">
      <Filter>main</Filter>
    </ClInclude>
    <ClInclude Include="yaSceneManager.h">
      <Filter>Engine\Manager</Filter>
    </ClInclude>
    <ClInclude Include="Common.h">
      <Filter>Engine\Common</Filter>
    </ClInclude>
    <ClInclude Include="def.h">
      <Filter>Engine\Common</Filter>
    </ClInclude>
    <ClInclude Include="Maths.h">
      <Filter>Engine\Common</Filter>
    </ClInclude>
    <ClInclude Include="yaEntity.h">
      <Filter>Engine\Common</Filter>
    </ClInclude>
    <ClInclude Include="yaScene.h">
      <Filter>Engine\Scene\Base</Filter>
    </ClInclude>
    <ClInclude Include="yaLogoScene.h">
      <Filter>Engine\Scene</Filter>
    </ClInclude>
    <ClInclude Include="yaGameObject.h">
      <Filter>Engine\GameObject\Base</Filter>
    </ClInclude>
    <ClInclude Include="yaApplication.h">
      <Filter>Engine\High Level Interface</Filter>
    </ClInclude>
    <ClInclude Include="yaTime.h">
      <Filter>Engine\Manager</Filter>
    </ClInclude>
    <ClInclude Include="yaInput.h">
      <Filter>Engine\Manager</Filter>
    </ClInclude>
    <ClInclude Include="yaResource.h">
      <Filter>Engine\Resource\Base</Filter>
    </ClInclude>
    <ClInclude Include="yaImage.h">
      <Filter>Engine\Resource</Filter>
    </ClInclude>
    <ClInclude Include="yaResources.h">
      <Filter>Engine\Manager</Filter>
    </ClInclude>
    <ClInclude Include="yaComponent.h">
      <Filter>Engine\Component\Base</Filter>
    </ClInclude>
    <ClInclude Include="yaAniMator.h">
      <Filter>Engine\Component</Filter>
    </ClInclude>
    <ClInclude Include="yaCollider.h">
      <Filter>Engine\Component</Filter>
    </ClInclude>
    <ClInclude Include="yaTitleScene.h">
      <Filter>Engine\Scene</Filter>
    </ClInclude>
    <ClInclude Include="yaPlayScene.h">
      <Filter>Engine\Scene</Filter>
    </ClInclude>
    <ClInclude Include="yaEndScene.h">
      <Filter>Engine\Scene</Filter>
    </ClInclude>
    <ClInclude Include="yaCollisionManager.h">
      <Filter>Engine\Manager</Filter>
    </ClInclude>
    <ClInclude Include="yaCamera.h">
      <Filter>Engine\Manager</Filter>
    </ClInclude>
    <ClInclude Include="yaObject.h">
      <Filter>Engine\Common</Filter>
    </ClInclude>
    <ClInclude Include="yaAnimation.h">
      <Filter>Engine\Component</Filter>
    </ClInclude>
    <ClInclude Include="yaMonster.h">
      <Filter>Engine\GameObject\Enemies</Filter>
    </ClInclude>
    <ClInclude Include="yaPlayer.h">
      <Filter>Engine\GameObject\Player</Filter>
    </ClInclude>
    <ClInclude Include="yaMissile.h">
      <Filter>Engine\GameObject\Player</Filter>
    </ClInclude>
    <ClInclude Include="yaBackPack.h">
      <Filter>Engine\GameObject\Player</Filter>
    </ClInclude>
    <ClInclude Include="chicken.h">
      <Filter>Engine\GameObject\Enemies</Filter>
    </ClInclude>
    <ClInclude Include="yaPlayScene2.h">
      <Filter>Engine\Scene</Filter>
    </ClInclude>
    <ClInclude Include="yaPlayScene3.h">
      <Filter>Engine\Scene</Filter>
    </ClInclude>
    <ClInclude Include="yaPlayScene4.h">
      <Filter>Engine\Scene</Filter>
    </ClInclude>
    <ClInclude Include="Logo.h">
      <Filter>Engine\GameObject\Object</Filter>
    </ClInclude>
    <ClInclude Include="yaBgImageObject.h">
      <Filter>Engine\GameObject\Object</Filter>
    </ClInclude>
    <ClInclude Include="yaPlayerSeclectUI.h">
      <Filter>Engine\GameObject\Object</Filter>
    </ClInclude>
    <ClInclude Include="LogoPlayerObject.h">
      <Filter>Engine\GameObject\Object</Filter>
    </ClInclude>
    <ClInclude Include="yaToolScene.h">
      <Filter>Engine\Scene</Filter>
    </ClInclude>
    <ClInclude Include="yaTile.h">
      <Filter>Engine\GameObject\Tile</Filter>
    </ClInclude>
    <ClInclude Include="yaTilePalette.h">
      <Filter>Engine\GameObject\Tile</Filter>
    </ClInclude>
    <ClInclude Include="yaRigidbody.h">
      <Filter>Engine\Component</Filter>
    </ClInclude>
    <ClInclude Include="yaGround.h">
      <Filter>Engine\Component</Filter>
    </ClInclude>
    <ClInclude Include="yaUIManager.h">
      <Filter>Engine\Manager</Filter>
    </ClInclude>
    <ClInclude Include="yaUIBase.h">
      <Filter>Engine\GameObject\UI\Base</Filter>
    </ClInclude>
    <ClInclude Include="yaButton.h">
      <Filter>Engine\GameObject\UI</Filter>
    </ClInclude>
    <ClInclude Include="yaHUD.h">
      <Filter>Engine\GameObject\UI</Filter>
    </ClInclude>
    <ClInclude Include="yaPanel.h">
      <Filter>Engine\GameObject\UI</Filter>
    </ClInclude>
    <ClInclude Include="yaSoundManager.h">
      <Filter>Engine\Manager</Filter>
    </ClInclude>
    <ClInclude Include="yaSound.h">
      <Filter>Engine\Resource</Filter>
    </ClInclude>
    <ClInclude Include="LogoButton1.h">
      <Filter>Engine\GameObject\UI\LogoSceneUI</Filter>
    </ClInclude>
    <ClInclude Include="LogoButton2.h">
      <Filter>Engine\GameObject\UI\LogoSceneUI</Filter>
    </ClInclude>
    <ClInclude Include="LogoButton3.h">
      <Filter>Engine\GameObject\UI\LogoSceneUI</Filter>
    </ClInclude>
    <ClInclude Include="LogoButton4.h">
      <Filter>Engine\GameObject\UI\LogoSceneUI</Filter>
    </ClInclude>
    <ClInclude Include="LogoButton5.h">
      <Filter>Engine\GameObject\UI\LogoSceneUI</Filter>
    </ClInclude>
    <ClInclude Include="LogoButton6.h">
      <Filter>Engine\GameObject\UI\LogoSceneUI</Filter>
    </ClInclude>
    <ClInclude Include="Cr8_Info.h">
      <Filter>Engine\GameObject\UI\LogoSceneUI\PlayerSelectUI\Cr8UI</Filter>
    </ClInclude>
    <ClInclude Include="Cr8Icon.h">
      <Filter>Engine\GameObject\UI\LogoSceneUI\PlayerSelectUI\Cr8UI</Filter>
    </ClInclude>
    <ClInclude Include="MC_Info.h">
      <Filter>Engine\GameObject\UI\LogoSceneUI\PlayerSelectUI\McUI</Filter>
    </ClInclude>
    <ClInclude Include="McIcon.h">
      <Filter>Engine\GameObject\UI\LogoSceneUI\PlayerSelectUI\McUI</Filter>
    </ClInclude>
    <ClInclude Include="Setchel_Info.h">
      <Filter>Engine\GameObject\UI\LogoSceneUI\PlayerSelectUI\SetchelUI</Filter>
    </ClInclude>
    <ClInclude Include="SetchelIcon.h">
      <Filter>Engine\GameObject\UI\LogoSceneUI\PlayerSelectUI\SetchelUI</Filter>
    </ClInclude>
    <ClInclude Include="Tote_Info.h">
      <Filter>Engine\GameObject\UI\LogoSceneUI\PlayerSelectUI\ToteUI</Filter>
    </ClInclude>
    <ClInclude Include="ToteIcon.h">
      <Filter>Engine\GameObject\UI\LogoSceneUI\PlayerSelectUI\ToteUI</Filter>
    </ClInclude>
    <ClInclude Include="TitleDefault.h">
      <Filter>Engine\GameObject\UI\LogoSceneUI\PlayerSelectUI\Title</Filter>
    </ClInclude>
    <ClInclude Include="TitleSelectButton1.h">
      <Filter>Engine\GameObject\UI\LogoSceneUI\PlayerSelectUI\Title</Filter>
    </ClInclude>
    <ClInclude Include="TitleSelectButton2.h">
      <Filter>Engine\GameObject\UI\LogoSceneUI\PlayerSelectUI\Title</Filter>
    </ClInclude>
    <ClInclude Include="TitleSelectBg.h">
      <Filter>Engine\GameObject\UI\LogoSceneUI\PlayerSelectUI\McUI\SelectBg</Filter>
    </ClInclude>
    <ClInclude Include="TitleSelectBg2.h">
      <Filter>Engine\GameObject\UI\LogoSceneUI\PlayerSelectUI\McUI\SelectBg</Filter>
    </ClInclude>
    <ClInclude Include="TitleSelectBg3.h">
      <Filter>Engine\GameObject\UI\LogoSceneUI\PlayerSelectUI\McUI\SelectBg</Filter>
    </ClInclude>
    <ClInclude Include="TitleSelectBg4.h">
      <Filter>Engine\GameObject\UI\LogoSceneUI\PlayerSelectUI\McUI\SelectBg</Filter>
    </ClInclude>
    <ClInclude Include="TitleSelectBg5.h">
      <Filter>Engine\GameObject\UI\LogoSceneUI\PlayerSelectUI\ToteUI\SelectBg</Filter>
    </ClInclude>
    <ClInclude Include="TitleSelectBg6.h">
      <Filter>Engine\GameObject\UI\LogoSceneUI\PlayerSelectUI\ToteUI\SelectBg</Filter>
    </ClInclude>
    <ClInclude Include="TitleSelectBg7.h">
      <Filter>Engine\GameObject\UI\LogoSceneUI\PlayerSelectUI\Cr8UI\SelectBg</Filter>
    </ClInclude>
    <ClInclude Include="TitleSelectBg8.h">
      <Filter>Engine\GameObject\UI\LogoSceneUI\PlayerSelectUI\SetchelUI\SelectBg</Filter>
    </ClInclude>
    <ClInclude Include="yaUIGameObject.h">
      <Filter>Engine\GameObject\UI</Filter>
    </ClInclude>
    <ClInclude Include="TitleSelectPlayer.h">
      <Filter>Engine\GameObject\UI\LogoSceneUI\PlayerSelectUI\McUI\SelectBg</Filter>
    </ClInclude>
    <ClInclude Include="TitleSelectPlayer2.h">
      <Filter>Engine\GameObject\UI\LogoSceneUI\PlayerSelectUI\McUI\SelectBg</Filter>
    </ClInclude>
    <ClInclude Include="TitleSelectPlayer3.h">
      <Filter>Engine\GameObject\UI\LogoSceneUI\PlayerSelectUI\McUI\SelectBg</Filter>
    </ClInclude>
    <ClInclude Include="TitleSelectPlayer4.h">
      <Filter>Engine\GameObject\UI\LogoSceneUI\PlayerSelectUI\McUI\SelectBg</Filter>
    </ClInclude>
    <ClInclude Include="TitleSelectPlayer5.h">
      <Filter>Engine\GameObject\UI\LogoSceneUI\PlayerSelectUI\ToteUI\SelectBg</Filter>
    </ClInclude>
    <ClInclude Include="TitleSelectPlayer6.h">
      <Filter>Engine\GameObject\UI\LogoSceneUI\PlayerSelectUI\ToteUI\SelectBg</Filter>
    </ClInclude>
    <ClInclude Include="TitleSelectPlayer7.h">
      <Filter>Engine\GameObject\UI\LogoSceneUI\PlayerSelectUI\Cr8UI\SelectBg</Filter>
    </ClInclude>
    <ClInclude Include="TitleSelectPlayer8.h">
      <Filter>Engine\GameObject\UI\LogoSceneUI\PlayerSelectUI\SetchelUI\SelectBg</Filter>
    </ClInclude>
    <ClInclude Include="copy.h">
      <Filter>Engine\GameObject</Filter>
    </ClInclude>
    <ClInclude Include="axeman.h">
      <Filter>Engine\GameObject\Enemies</Filter>
    </ClInclude>
    <ClInclude Include="badgerKing.h">
      <Filter>Engine\GameObject\Enemies</Filter>
    </ClInclude>
    <ClInclude Include="bandit_lord.h">
      <Filter>Engine\GameObject\Enemies</Filter>
    </ClInclude>
    <ClInclude Include="bee.h">
      <Filter>Engine\GameObject\Enemies</Filter>
    </ClInclude>
    <ClInclude Include="boastful_spellsword.h">
      <Filter>Engine\GameObject\Enemies</Filter>
    </ClInclude>
    <ClInclude Include="boss.h">
      <Filter>Engine\GameObject\Enemies</Filter>
    </ClInclude>
    <ClInclude Include="crossbowman.h">
      <Filter>Engine\GameObject\Enemies</Filter>
    </ClInclude>
    <ClInclude Include="cultist.h">
      <Filter>Engine\GameObject\Enemies</Filter>
    </ClInclude>
    <ClInclude Include="cultist_blade.h">
      <Filter>Engine\GameObject\Enemies</Filter>
    </ClInclude>
    <ClInclude Include="dealmaker.h">
      <Filter>Engine\GameObject\Enemies</Filter>
    </ClInclude>
    <ClInclude Include="Elder_Mage.h">
      <Filter>Engine\GameObject\Enemies</Filter>
    </ClInclude>
    <ClInclude Include="Feral_Badger.h">
      <Filter>Engine\GameObject\Enemies</Filter>
    </ClInclude>
    <ClInclude Include="fire_cobra.h">
      <Filter>Engine\GameObject\Enemies</Filter>
    </ClInclude>
    <ClInclude Include="fire_gecko.h">
      <Filter>Engine\GameObject\Enemies</Filter>
    </ClInclude>
    <ClInclude Include="frog_2.h">
      <Filter>Engine\GameObject\Enemies</Filter>
    </ClInclude>
    <ClInclude Include="Book_Icon.h">
      <Filter>Engine\GameObject\UI\PlaySceneUI\Top_Status_Bar</Filter>
    </ClInclude>
    <ClInclude Include="Option_Icon.h">
      <Filter>Engine\GameObject\UI\PlaySceneUI\Top_Status_Bar</Filter>
    </ClInclude>
    <ClInclude Include="Save_Icon.h">
      <Filter>Engine\GameObject\UI\PlaySceneUI\Top_Status_Bar</Filter>
    </ClInclude>
    <ClInclude Include="Stats_Icon.h">
      <Filter>Engine\GameObject\UI\PlaySceneUI\Top_Status_Bar</Filter>
    </ClInclude>
    <ClInclude Include="TopLayerDefault.h">
      <Filter>Engine\GameObject\UI\PlaySceneUI\Top_Status_Bar</Filter>
    </ClInclude>
    <ClInclude Include="Back_Icon.h">
      <Filter>Engine\GameObject\UI\PlaySceneUI\Mid_Status_Bar</Filter>
    </ClInclude>
    <ClInclude Include="Inventory.h">
      <Filter>Engine\GameObject\UI\PlaySceneUI\Mid_Status_Bar</Filter>
    </ClInclude>
    <ClInclude Include="Enter_Button.h">
      <Filter>Engine\GameObject\UI\PlaySceneUI\Mid_Status_Bar</Filter>
    </ClInclude>
    <ClInclude Include="Gerbil_Ruffian.h">
      <Filter>Engine\GameObject\Enemies</Filter>
    </ClInclude>
    <ClInclude Include="Grandmaster.h">
      <Filter>Engine\GameObject\Enemies</Filter>
    </ClInclude>
    <ClInclude Include="Glory_Knight.h">
      <Filter>Engine\GameObject\Enemies</Filter>
    </ClInclude>
    <ClInclude Include="Hare_Defender.h">
      <Filter>Engine\GameObject\Enemies</Filter>
    </ClInclude>
    <ClInclude Include="hawk_knight.h">
      <Filter>Engine\GameObject\Enemies</Filter>
    </ClInclude>
    <ClInclude Include="head_honcho.h">
      <Filter>Engine\GameObject\Enemies</Filter>
    </ClInclude>
    <ClInclude Include="healer_enemy.h">
      <Filter>Engine\GameObject\Enemies</Filter>
    </ClInclude>
    <ClInclude Include="hermit_crab_bomb.h">
      <Filter>Engine\GameObject\Enemies</Filter>
    </ClInclude>
    <ClInclude Include="legman.h">
      <Filter>Engine\GameObject\Enemies</Filter>
    </ClInclude>
    <ClInclude Include="Monster_include.h">
      <Filter>Engine\GameObject\Enemies\Monster_include</Filter>
    </ClInclude>
    <ClInclude Include="salamander.h">
      <Filter>Engine\GameObject\Enemies</Filter>
    </ClInclude>
    <ClInclude Include="TestButton.h">
      <Filter>Engine\GameObject\UI\PlaySceneUI\Mid_Status_Bar</Filter>
    </ClInclude>
    <ClInclude Include="UIItem.h">
      <Filter>Engine\GameObject\UI\Base</Filter>
    </ClInclude>
    <ClInclude Include="Sword.h">
      <Filter>Engine\GameObject\UI\PlaySceneUI\Item\Weapon</Filter>
    </ClInclude>
    <ClInclude Include="Weapon01.h">
      <Filter>Engine\GameObject\UI\PlaySceneUI\Item\Weapon</Filter>
    </ClInclude>
    <ClInclude Include="Item_include.h">
      <Filter>Engine\GameObject\UI\PlaySceneUI\Item\Item_include</Filter>
    </ClInclude>
    <ClInclude Include="Weapon02.h">
      <Filter>Engine\GameObject\UI\PlaySceneUI\Item\Weapon</Filter>
    </ClInclude>
    <ClInclude Include="Weapon03.h">
      <Filter>Engine\GameObject\UI\PlaySceneUI\Item\Weapon</Filter>
    </ClInclude>
    <ClInclude Include="Weapon04.h">
      <Filter>Engine\GameObject\UI\PlaySceneUI\Item\Weapon</Filter>
    </ClInclude>
    <ClInclude Include="Weapon05.h">
      <Filter>Engine\GameObject\UI\PlaySceneUI\Item\Weapon</Filter>
    </ClInclude>
    <ClInclude Include="Shield01.h">
      <Filter>Engine\GameObject\UI\PlaySceneUI\Item\Shield</Filter>
    </ClInclude>
    <ClInclude Include="Shield02.h">
      <Filter>Engine\GameObject\UI\PlaySceneUI\Item\Shield</Filter>
    </ClInclude>
    <ClInclude Include="Shield03.h">
      <Filter>Engine\GameObject\UI\PlaySceneUI\Item\Shield</Filter>
    </ClInclude>
    <ClInclude Include="Shield04.h">
      <Filter>Engine\GameObject\UI\PlaySceneUI\Item\Shield</Filter>
    </ClInclude>
    <ClInclude Include="Shield05.h">
      <Filter>Engine\GameObject\UI\PlaySceneUI\Item\Shield</Filter>
    </ClInclude>
    <ClInclude Include="Dagger01.h">
      <Filter>Engine\GameObject\UI\PlaySceneUI\Item\Dagger</Filter>
    </ClInclude>
    <ClInclude Include="Dagger05.h">
      <Filter>Engine\GameObject\UI\PlaySceneUI\Item\Dagger</Filter>
    </ClInclude>
    <ClInclude Include="Dagger02.h">
      <Filter>Engine\GameObject\UI\PlaySceneUI\Item\Dagger</Filter>
    </ClInclude>
    <ClInclude Include="Dagger03.h">
      <Filter>Engine\GameObject\UI\PlaySceneUI\Item\Dagger</Filter>
    </ClInclude>
    <ClInclude Include="Dagger04.h">
      <Filter>Engine\GameObject\UI\PlaySceneUI\Item\Dagger</Filter>
    </ClInclude>
    <ClInclude Include="Jewelry01.h">
      <Filter>Engine\GameObject\UI\PlaySceneUI\Item\Jewelry</Filter>
    </ClInclude>
    <ClInclude Include="Jewelry02.h">
      <Filter>Engine\GameObject\UI\PlaySceneUI\Item\Jewelry</Filter>
    </ClInclude>
    <ClInclude Include="Jewelry03.h">
      <Filter>Engine\GameObject\UI\PlaySceneUI\Item\Jewelry</Filter>
    </ClInclude>
    <ClInclude Include="Armor01.h">
      <Filter>Engine\GameObject\UI\PlaySceneUI\Item\Armor</Filter>
    </ClInclude>
    <ClInclude Include="Armor02.h">
      <Filter>Engine\GameObject\UI\PlaySceneUI\Item\Armor</Filter>
    </ClInclude>
    <ClInclude Include="Armor03.h">
      <Filter>Engine\GameObject\UI\PlaySceneUI\Item\Armor</Filter>
    </ClInclude>
    <ClInclude Include="Armor04.h">
      <Filter>Engine\GameObject\UI\PlaySceneUI\Item\Armor</Filter>
    </ClInclude>
    <ClInclude Include="Armor05.h">
      <Filter>Engine\GameObject\UI\PlaySceneUI\Item\Armor</Filter>
    </ClInclude>
    <ClInclude Include="Armor06.h">
      <Filter>Engine\GameObject\UI\PlaySceneUI\Item\Armor</Filter>
    </ClInclude>
    <ClInclude Include="Arrow03.h">
      <Filter>Engine\GameObject\UI\PlaySceneUI\Item\Bow_Arrow</Filter>
    </ClInclude>
    <ClInclude Include="Arrow01.h">
      <Filter>Engine\GameObject\UI\PlaySceneUI\Item\Bow_Arrow</Filter>
    </ClInclude>
    <ClInclude Include="Arrow02.h">
      <Filter>Engine\GameObject\UI\PlaySceneUI\Item\Bow_Arrow</Filter>
    </ClInclude>
    <ClInclude Include="Bow03.h">
      <Filter>Engine\GameObject\UI\PlaySceneUI\Item\Bow_Arrow</Filter>
    </ClInclude>
    <ClInclude Include="Bow01.h">
      <Filter>Engine\GameObject\UI\PlaySceneUI\Item\Bow_Arrow</Filter>
    </ClInclude>
    <ClInclude Include="Bow02.h">
      <Filter>Engine\GameObject\UI\PlaySceneUI\Item\Bow_Arrow</Filter>
    </ClInclude>
    <ClInclude Include="Potion01.h">
      <Filter>Engine\GameObject\UI\PlaySceneUI\Item\Potion</Filter>
    </ClInclude>
    <ClInclude Include="Potion02.h">
      <Filter>Engine\GameObject\UI\PlaySceneUI\Item\Potion</Filter>
    </ClInclude>
    <ClInclude Include="Potion03.h">
      <Filter>Engine\GameObject\UI\PlaySceneUI\Item\Potion</Filter>
    </ClInclude>
    <ClInclude Include="Potion04.h">
      <Filter>Engine\GameObject\UI\PlaySceneUI\Item\Potion</Filter>
    </ClInclude>
    <ClInclude Include="Potion05.h">
      <Filter>Engine\GameObject\UI\PlaySceneUI\Item\Potion</Filter>
    </ClInclude>
    <ClInclude Include="Potion06.h">
      <Filter>Engine\GameObject\UI\PlaySceneUI\Item\Potion</Filter>
    </ClInclude>
    <ClInclude Include="Potion07.h">
      <Filter>Engine\GameObject\UI\PlaySceneUI\Item\Potion</Filter>
    </ClInclude>
    <ClInclude Include="Potion08.h">
      <Filter>Engine\GameObject\UI\PlaySceneUI\Item\Potion</Filter>
    </ClInclude>
    <ClInclude Include="Potion09.h">
      <Filter>Engine\GameObject\UI\PlaySceneUI\Item\Potion</Filter>
    </ClInclude>
    <ClInclude Include="Potion10.h">
      <Filter>Engine\GameObject\UI\PlaySceneUI\Item\Potion</Filter>
    </ClInclude>
    <ClInclude Include="Potion11.h">
      <Filter>Engine\GameObject\UI\PlaySceneUI\Item\Potion</Filter>
    </ClInclude>
    <ClInclude Include="Potion12.h">
      <Filter>Engine\GameObject\UI\PlaySceneUI\Item\Potion</Filter>
    </ClInclude>
    <ClInclude Include="Map_bg.h">
      <Filter>Engine\GameObject\UI\PlaySceneUI\Mid_Status_Bar\Map</Filter>
    </ClInclude>
    <ClInclude Include="Map_Gate.h">
      <Filter>Engine\GameObject\UI\PlaySceneUI\Mid_Status_Bar\Map</Filter>
    </ClInclude>
    <ClInclude Include="Map_Icon.h">
      <Filter>Engine\GameObject\UI\PlaySceneUI\Mid_Status_Bar\Map</Filter>
    </ClInclude>
    <ClInclude Include="Enemie_icon01.h">
      <Filter>Engine\GameObject\UI\PlaySceneUI\Mid_Status_Bar\Map</Filter>
    </ClInclude>
    <ClInclude Include="Enemie_icon02.h">
      <Filter>Engine\GameObject\UI\PlaySceneUI\Mid_Status_Bar\Map</Filter>
    </ClInclude>
    <ClInclude Include="Enemie_icon03.h">
      <Filter>Engine\GameObject\UI\PlaySceneUI\Mid_Status_Bar\Map</Filter>
    </ClInclude>
    <ClInclude Include="Enemie_icon04.h">
      <Filter>Engine\GameObject\UI\PlaySceneUI\Mid_Status_Bar\Map</Filter>
    </ClInclude>
    <ClInclude Include="Enemie_icon05.h">
      <Filter>Engine\GameObject\UI\PlaySceneUI\Mid_Status_Bar\Map</Filter>
    </ClInclude>
    <ClInclude Include="Map_Player_icon.h">
      <Filter>Engine\GameObject\UI\PlaySceneUI\Mid_Status_Bar\Map</Filter>
    </ClInclude>
  </ItemGroup>
  <ItemGroup>
    <ResourceCompile Include="44thWindowAPI.rc">
      <Filter>main\리소스 파일</Filter>
    </ResourceCompile>
  </ItemGroup>
  <ItemGroup>
    <Image Include="small.ico">
      <Filter>main\리소스 파일</Filter>
    </Image>
    <Image Include="44thWindowAPI.ico">
      <Filter>main\리소스 파일</Filter>
    </Image>
  </ItemGroup>
  <ItemGroup>
    <ClCompile Include="main.cpp">
      <Filter>main</Filter>
    </ClCompile>
    <ClCompile Include="temp.cpp">
      <Filter>main</Filter>
    </ClCompile>
    <ClCompile Include="yaSceneManager.cpp">
      <Filter>Engine\Manager</Filter>
    </ClCompile>
    <ClCompile Include="yaEntity.cpp">
      <Filter>Engine\Common</Filter>
    </ClCompile>
    <ClCompile Include="yaScene.cpp">
      <Filter>Engine\Scene\Base</Filter>
    </ClCompile>
    <ClCompile Include="yaLogoScene.cpp">
      <Filter>Engine\Scene</Filter>
    </ClCompile>
    <ClCompile Include="yaGameObject.cpp">
      <Filter>Engine\GameObject\Base</Filter>
    </ClCompile>
    <ClCompile Include="yaApplication.cpp">
      <Filter>Engine\High Level Interface</Filter>
    </ClCompile>
    <ClCompile Include="yaTime.cpp">
      <Filter>Engine\Manager</Filter>
    </ClCompile>
    <ClCompile Include="yaInput.cpp">
      <Filter>Engine\Manager</Filter>
    </ClCompile>
    <ClCompile Include="yaResource.cpp">
      <Filter>Engine\Resource\Base</Filter>
    </ClCompile>
    <ClCompile Include="yaImage.cpp">
      <Filter>Engine\Resource</Filter>
    </ClCompile>
    <ClCompile Include="yaResources.cpp">
      <Filter>Engine\Manager</Filter>
    </ClCompile>
    <ClCompile Include="Maths.cpp">
      <Filter>Engine\Common</Filter>
    </ClCompile>
    <ClCompile Include="yaComponent.cpp">
      <Filter>Engine\Component\Base</Filter>
    </ClCompile>
    <ClCompile Include="yaAniMator.cpp">
      <Filter>Engine\Component</Filter>
    </ClCompile>
    <ClCompile Include="yaCollider.cpp">
      <Filter>Engine\Component</Filter>
    </ClCompile>
    <ClCompile Include="yaTitleScene.cpp">
      <Filter>Engine\Scene</Filter>
    </ClCompile>
    <ClCompile Include="yaPlayScene.cpp">
      <Filter>Engine\Scene</Filter>
    </ClCompile>
    <ClCompile Include="yaEndScene.cpp">
      <Filter>Engine\Scene</Filter>
    </ClCompile>
    <ClCompile Include="yaCollisionManager.cpp">
      <Filter>Engine\Manager</Filter>
    </ClCompile>
    <ClCompile Include="yaCamera.cpp">
      <Filter>Engine\Manager</Filter>
    </ClCompile>
    <ClCompile Include="yaAnimation.cpp">
      <Filter>Engine\Component</Filter>
    </ClCompile>
    <ClCompile Include="yaMonster.cpp">
      <Filter>Engine\GameObject\Enemies</Filter>
    </ClCompile>
    <ClCompile Include="yaPlayer.cpp">
      <Filter>Engine\GameObject\Player</Filter>
    </ClCompile>
    <ClCompile Include="yaMissile.cpp">
      <Filter>Engine\GameObject\Player</Filter>
    </ClCompile>
    <ClCompile Include="yaBackPack.cpp">
      <Filter>Engine\GameObject\Player</Filter>
    </ClCompile>
    <ClCompile Include="chicken.cpp">
      <Filter>Engine\GameObject\Enemies</Filter>
    </ClCompile>
    <ClCompile Include="yaPlayScene2.cpp">
      <Filter>Engine\Scene</Filter>
    </ClCompile>
    <ClCompile Include="yaPlayScene3.cpp">
      <Filter>Engine\Scene</Filter>
    </ClCompile>
    <ClCompile Include="yaPlayScene4.cpp">
      <Filter>Engine\Scene</Filter>
    </ClCompile>
    <ClCompile Include="Logo.cpp">
      <Filter>Engine\GameObject\Object</Filter>
    </ClCompile>
    <ClCompile Include="yaBgImageObject.cpp">
      <Filter>Engine\GameObject\Object</Filter>
    </ClCompile>
    <ClCompile Include="yaPlayerSeclectUI.cpp">
      <Filter>Engine\GameObject\Object</Filter>
    </ClCompile>
    <ClCompile Include="LogoPlayerObject.cpp">
      <Filter>Engine\GameObject\Object</Filter>
    </ClCompile>
    <ClCompile Include="yaToolScene.cpp">
      <Filter>Engine\Scene</Filter>
    </ClCompile>
    <ClCompile Include="yaTile.cpp">
      <Filter>Engine\GameObject\Tile</Filter>
    </ClCompile>
    <ClCompile Include="yaTilePalette.cpp">
      <Filter>Engine\GameObject\Tile</Filter>
    </ClCompile>
    <ClCompile Include="yaRigidbody.cpp">
      <Filter>Engine\Component</Filter>
    </ClCompile>
    <ClCompile Include="yaGround.cpp">
      <Filter>Engine\Component</Filter>
    </ClCompile>
    <ClCompile Include="yaUIManager.cpp">
      <Filter>Engine\Manager</Filter>
    </ClCompile>
    <ClCompile Include="yaUIBase.cpp">
      <Filter>Engine\GameObject\UI\Base</Filter>
    </ClCompile>
    <ClCompile Include="yaButton.cpp">
      <Filter>Engine\GameObject\UI</Filter>
    </ClCompile>
    <ClCompile Include="yaHUD.cpp">
      <Filter>Engine\GameObject\UI</Filter>
    </ClCompile>
    <ClCompile Include="yaPanel.cpp">
      <Filter>Engine\GameObject\UI</Filter>
    </ClCompile>
    <ClCompile Include="yaSoundManager.cpp">
      <Filter>Engine\Manager</Filter>
    </ClCompile>
    <ClCompile Include="yaSound.cpp">
      <Filter>Engine\Resource</Filter>
    </ClCompile>
    <ClCompile Include="LogoButton1.cpp">
      <Filter>Engine\GameObject\UI\LogoSceneUI</Filter>
    </ClCompile>
    <ClCompile Include="LogoButton2.cpp">
      <Filter>Engine\GameObject\UI\LogoSceneUI</Filter>
    </ClCompile>
    <ClCompile Include="LogoButton3.cpp">
      <Filter>Engine\GameObject\UI\LogoSceneUI</Filter>
    </ClCompile>
    <ClCompile Include="LogoButton4.cpp">
      <Filter>Engine\GameObject\UI\LogoSceneUI</Filter>
    </ClCompile>
    <ClCompile Include="LogoButton5.cpp">
      <Filter>Engine\GameObject\UI\LogoSceneUI</Filter>
    </ClCompile>
    <ClCompile Include="LogoButton6.cpp">
      <Filter>Engine\GameObject\UI\LogoSceneUI</Filter>
    </ClCompile>
    <ClCompile Include="Cr8_Info.cpp">
      <Filter>Engine\GameObject\UI\LogoSceneUI\PlayerSelectUI\Cr8UI</Filter>
    </ClCompile>
    <ClCompile Include="Cr8Icon.cpp">
      <Filter>Engine\GameObject\UI\LogoSceneUI\PlayerSelectUI\Cr8UI</Filter>
    </ClCompile>
    <ClCompile Include="MC_Info.cpp">
      <Filter>Engine\GameObject\UI\LogoSceneUI\PlayerSelectUI\McUI</Filter>
    </ClCompile>
    <ClCompile Include="McIcon.cpp">
      <Filter>Engine\GameObject\UI\LogoSceneUI\PlayerSelectUI\McUI</Filter>
    </ClCompile>
    <ClCompile Include="Setchel_Info.cpp">
      <Filter>Engine\GameObject\UI\LogoSceneUI\PlayerSelectUI\SetchelUI</Filter>
    </ClCompile>
    <ClCompile Include="SetchelIcon.cpp">
      <Filter>Engine\GameObject\UI\LogoSceneUI\PlayerSelectUI\SetchelUI</Filter>
    </ClCompile>
    <ClCompile Include="Tote_Info.cpp">
      <Filter>Engine\GameObject\UI\LogoSceneUI\PlayerSelectUI\ToteUI</Filter>
    </ClCompile>
    <ClCompile Include="ToteIcon.cpp">
      <Filter>Engine\GameObject\UI\LogoSceneUI\PlayerSelectUI\ToteUI</Filter>
    </ClCompile>
    <ClCompile Include="TitleDefault.cpp">
      <Filter>Engine\GameObject\UI\LogoSceneUI\PlayerSelectUI\Title</Filter>
    </ClCompile>
    <ClCompile Include="TitleSelectButton1.cpp">
      <Filter>Engine\GameObject\UI\LogoSceneUI\PlayerSelectUI\Title</Filter>
    </ClCompile>
    <ClCompile Include="TitleSelectButton2.cpp">
      <Filter>Engine\GameObject\UI\LogoSceneUI\PlayerSelectUI\Title</Filter>
    </ClCompile>
    <ClCompile Include="TitleSelectBg.cpp">
      <Filter>Engine\GameObject\UI\LogoSceneUI\PlayerSelectUI\McUI\SelectBg</Filter>
    </ClCompile>
    <ClCompile Include="TitleSelectBg2.cpp">
      <Filter>Engine\GameObject\UI\LogoSceneUI\PlayerSelectUI\McUI\SelectBg</Filter>
    </ClCompile>
    <ClCompile Include="TitleSelectBg3.cpp">
      <Filter>Engine\GameObject\UI\LogoSceneUI\PlayerSelectUI\McUI\SelectBg</Filter>
    </ClCompile>
    <ClCompile Include="TitleSelectBg4.cpp">
      <Filter>Engine\GameObject\UI\LogoSceneUI\PlayerSelectUI\McUI\SelectBg</Filter>
    </ClCompile>
    <ClCompile Include="TitleSelectBg5.cpp">
      <Filter>Engine\GameObject\UI\LogoSceneUI\PlayerSelectUI\ToteUI\SelectBg</Filter>
    </ClCompile>
    <ClCompile Include="TitleSelectBg6.cpp">
      <Filter>Engine\GameObject\UI\LogoSceneUI\PlayerSelectUI\ToteUI\SelectBg</Filter>
    </ClCompile>
    <ClCompile Include="TitleSelectBg7.cpp">
      <Filter>Engine\GameObject\UI\LogoSceneUI\PlayerSelectUI\Cr8UI\SelectBg</Filter>
    </ClCompile>
    <ClCompile Include="TitleSelectBg8.cpp">
      <Filter>Engine\GameObject\UI\LogoSceneUI\PlayerSelectUI\SetchelUI\SelectBg</Filter>
    </ClCompile>
    <ClCompile Include="yaUIGameObject.cpp">
      <Filter>Engine\GameObject\UI</Filter>
    </ClCompile>
    <ClCompile Include="TitleSelectPlayer.cpp">
      <Filter>Engine\GameObject\UI\LogoSceneUI\PlayerSelectUI\McUI\SelectBg</Filter>
    </ClCompile>
    <ClCompile Include="TitleSelectPlayer2.cpp">
      <Filter>Engine\GameObject\UI\LogoSceneUI\PlayerSelectUI\McUI\SelectBg</Filter>
    </ClCompile>
    <ClCompile Include="TitleSelectPlayer3.cpp">
      <Filter>Engine\GameObject\UI\LogoSceneUI\PlayerSelectUI\McUI\SelectBg</Filter>
    </ClCompile>
    <ClCompile Include="TitleSelectPlayer4.cpp">
      <Filter>Engine\GameObject\UI\LogoSceneUI\PlayerSelectUI\McUI\SelectBg</Filter>
    </ClCompile>
    <ClCompile Include="TitleSelectPlayer5.cpp">
      <Filter>Engine\GameObject\UI\LogoSceneUI\PlayerSelectUI\ToteUI\SelectBg</Filter>
    </ClCompile>
    <ClCompile Include="TitleSelectPlayer6.cpp">
      <Filter>Engine\GameObject\UI\LogoSceneUI\PlayerSelectUI\ToteUI\SelectBg</Filter>
    </ClCompile>
    <ClCompile Include="TitleSelectPlayer7.cpp">
      <Filter>Engine\GameObject\UI\LogoSceneUI\PlayerSelectUI\Cr8UI\SelectBg</Filter>
    </ClCompile>
    <ClCompile Include="TitleSelectPlayer8.cpp">
      <Filter>Engine\GameObject\UI\LogoSceneUI\PlayerSelectUI\SetchelUI\SelectBg</Filter>
    </ClCompile>
    <ClCompile Include="copy.cpp">
      <Filter>Engine\GameObject</Filter>
    </ClCompile>
    <ClCompile Include="axeman.cpp">
      <Filter>Engine\GameObject\Enemies</Filter>
    </ClCompile>
    <ClCompile Include="badgerKing.cpp">
      <Filter>Engine\GameObject\Enemies</Filter>
    </ClCompile>
    <ClCompile Include="bandit_lord.cpp">
      <Filter>Engine\GameObject\Enemies</Filter>
    </ClCompile>
    <ClCompile Include="bee.cpp">
      <Filter>Engine\GameObject\Enemies</Filter>
    </ClCompile>
    <ClCompile Include="boastful_spellsword.cpp">
      <Filter>Engine\GameObject\Enemies</Filter>
    </ClCompile>
    <ClCompile Include="boss.cpp">
      <Filter>Engine\GameObject\Enemies</Filter>
    </ClCompile>
    <ClCompile Include="crossbowman.cpp">
      <Filter>Engine\GameObject\Enemies</Filter>
    </ClCompile>
    <ClCompile Include="cultist.cpp">
      <Filter>Engine\GameObject\Enemies</Filter>
    </ClCompile>
    <ClCompile Include="cultist_blade.cpp">
      <Filter>Engine\GameObject\Enemies</Filter>
    </ClCompile>
    <ClCompile Include="dealmaker.cpp">
      <Filter>Engine\GameObject\Enemies</Filter>
    </ClCompile>
    <ClCompile Include="Elder_Mage.cpp">
      <Filter>Engine\GameObject\Enemies</Filter>
    </ClCompile>
    <ClCompile Include="Feral_Badger.cpp">
      <Filter>Engine\GameObject\Enemies</Filter>
    </ClCompile>
    <ClCompile Include="fire_cobra.cpp">
      <Filter>Engine\GameObject\Enemies</Filter>
    </ClCompile>
    <ClCompile Include="fire_gecko.cpp">
      <Filter>Engine\GameObject\Enemies</Filter>
    </ClCompile>
    <ClCompile Include="frog_2.cpp">
      <Filter>Engine\GameObject\Enemies</Filter>
    </ClCompile>
    <ClCompile Include="Option_Icon.cpp">
      <Filter>Engine\GameObject\UI\PlaySceneUI\Top_Status_Bar</Filter>
    </ClCompile>
    <ClCompile Include="Save_Icon.cpp">
      <Filter>Engine\GameObject\UI\PlaySceneUI\Top_Status_Bar</Filter>
    </ClCompile>
    <ClCompile Include="Stats_Icon.cpp">
      <Filter>Engine\GameObject\UI\PlaySceneUI\Top_Status_Bar</Filter>
    </ClCompile>
    <ClCompile Include="TopLayerDefault.cpp">
      <Filter>Engine\GameObject\UI\PlaySceneUI\Top_Status_Bar</Filter>
    </ClCompile>
    <ClCompile Include="Book_Icon.cpp">
      <Filter>Engine\GameObject\UI\PlaySceneUI\Top_Status_Bar</Filter>
    </ClCompile>
    <ClCompile Include="Back_Icon.cpp">
      <Filter>Engine\GameObject\UI\PlaySceneUI\Mid_Status_Bar</Filter>
    </ClCompile>
    <ClCompile Include="Inventory.cpp">
      <Filter>Engine\GameObject\UI\PlaySceneUI\Mid_Status_Bar</Filter>
    </ClCompile>
    <ClCompile Include="Enter_Button.cpp">
      <Filter>Engine\GameObject\UI\PlaySceneUI\Mid_Status_Bar</Filter>
    </ClCompile>
    <ClCompile Include="Gerbil_Ruffian.cpp">
      <Filter>Engine\GameObject\Enemies</Filter>
    </ClCompile>
    <ClCompile Include="Glory_Knight.cpp">
      <Filter>Engine\GameObject\Enemies</Filter>
    </ClCompile>
    <ClCompile Include="Grandmaster.cpp">
      <Filter>Engine\GameObject\Enemies</Filter>
    </ClCompile>
    <ClCompile Include="Hare_Defender.cpp">
      <Filter>Engine\GameObject\Enemies</Filter>
    </ClCompile>
    <ClCompile Include="hawk_knight.cpp">
      <Filter>Engine\GameObject\Enemies</Filter>
    </ClCompile>
    <ClCompile Include="head_honcho.cpp">
      <Filter>Engine\GameObject\Enemies</Filter>
    </ClCompile>
    <ClCompile Include="healer_enemy.cpp">
      <Filter>Engine\GameObject\Enemies</Filter>
    </ClCompile>
    <ClCompile Include="hermit_crab_bomb.cpp">
      <Filter>Engine\GameObject\Enemies</Filter>
    </ClCompile>
    <ClCompile Include="legman.cpp">
      <Filter>Engine\GameObject\Enemies</Filter>
    </ClCompile>
    <ClCompile Include="salamander.cpp">
      <Filter>Engine\GameObject\Enemies</Filter>
    </ClCompile>
    <ClCompile Include="TestButton.cpp">
      <Filter>Engine\GameObject\UI\PlaySceneUI\Mid_Status_Bar</Filter>
    </ClCompile>
    <ClCompile Include="UIItem.cpp">
      <Filter>Engine\GameObject\UI\Base</Filter>
    </ClCompile>
    <ClCompile Include="Sword.cpp">
      <Filter>Engine\GameObject\UI\PlaySceneUI\Item\Weapon</Filter>
    </ClCompile>
    <ClCompile Include="Weapon01.cpp">
      <Filter>Engine\GameObject\UI\PlaySceneUI\Item\Weapon</Filter>
    </ClCompile>
    <ClCompile Include="Weapon02.cpp">
      <Filter>Engine\GameObject\UI\PlaySceneUI\Item\Weapon</Filter>
    </ClCompile>
    <ClCompile Include="Weapon03.cpp">
      <Filter>Engine\GameObject\UI\PlaySceneUI\Item\Weapon</Filter>
    </ClCompile>
    <ClCompile Include="Weapon04.cpp">
      <Filter>Engine\GameObject\UI\PlaySceneUI\Item\Weapon</Filter>
    </ClCompile>
    <ClCompile Include="Weapon05.cpp">
      <Filter>Engine\GameObject\UI\PlaySceneUI\Item\Weapon</Filter>
    </ClCompile>
    <ClCompile Include="Shield01.cpp">
      <Filter>Engine\GameObject\UI\PlaySceneUI\Item\Shield</Filter>
    </ClCompile>
    <ClCompile Include="Shield02.cpp">
      <Filter>Engine\GameObject\UI\PlaySceneUI\Item\Shield</Filter>
    </ClCompile>
    <ClCompile Include="Shield03.cpp">
      <Filter>Engine\GameObject\UI\PlaySceneUI\Item\Shield</Filter>
    </ClCompile>
    <ClCompile Include="Shield04.cpp">
      <Filter>Engine\GameObject\UI\PlaySceneUI\Item\Shield</Filter>
    </ClCompile>
    <ClCompile Include="Shield05.cpp">
      <Filter>Engine\GameObject\UI\PlaySceneUI\Item\Shield</Filter>
    </ClCompile>
    <ClCompile Include="Dagger01.cpp">
      <Filter>Engine\GameObject\UI\PlaySceneUI\Item\Dagger</Filter>
    </ClCompile>
    <ClCompile Include="Dagger02.cpp">
      <Filter>Engine\GameObject\UI\PlaySceneUI\Item\Dagger</Filter>
    </ClCompile>
    <ClCompile Include="Dagger03.cpp">
      <Filter>Engine\GameObject\UI\PlaySceneUI\Item\Dagger</Filter>
    </ClCompile>
    <ClCompile Include="Dagger04.cpp">
      <Filter>Engine\GameObject\UI\PlaySceneUI\Item\Dagger</Filter>
    </ClCompile>
    <ClCompile Include="Dagger05.cpp">
      <Filter>Engine\GameObject\UI\PlaySceneUI\Item\Dagger</Filter>
    </ClCompile>
    <ClCompile Include="Jewelry01.cpp">
      <Filter>Engine\GameObject\UI\PlaySceneUI\Item\Jewelry</Filter>
    </ClCompile>
    <ClCompile Include="Jewelry02.cpp">
      <Filter>Engine\GameObject\UI\PlaySceneUI\Item\Jewelry</Filter>
    </ClCompile>
    <ClCompile Include="Jewelry03.cpp">
      <Filter>Engine\GameObject\UI\PlaySceneUI\Item\Jewelry</Filter>
    </ClCompile>
    <ClCompile Include="Armor01.cpp">
      <Filter>Engine\GameObject\UI\PlaySceneUI\Item\Armor</Filter>
    </ClCompile>
    <ClCompile Include="Armor02.cpp">
      <Filter>Engine\GameObject\UI\PlaySceneUI\Item\Armor</Filter>
    </ClCompile>
    <ClCompile Include="Armor03.cpp">
      <Filter>Engine\GameObject\UI\PlaySceneUI\Item\Armor</Filter>
    </ClCompile>
    <ClCompile Include="Armor04.cpp">
      <Filter>Engine\GameObject\UI\PlaySceneUI\Item\Armor</Filter>
    </ClCompile>
    <ClCompile Include="Armor05.cpp">
      <Filter>Engine\GameObject\UI\PlaySceneUI\Item\Armor</Filter>
    </ClCompile>
    <ClCompile Include="Armor06.cpp">
      <Filter>Engine\GameObject\UI\PlaySceneUI\Item\Armor</Filter>
    </ClCompile>
    <ClCompile Include="Arrow01.cpp">
      <Filter>Engine\GameObject\UI\PlaySceneUI\Item\Bow_Arrow</Filter>
    </ClCompile>
    <ClCompile Include="Arrow02.cpp">
      <Filter>Engine\GameObject\UI\PlaySceneUI\Item\Bow_Arrow</Filter>
    </ClCompile>
    <ClCompile Include="Arrow03.cpp">
      <Filter>Engine\GameObject\UI\PlaySceneUI\Item\Bow_Arrow</Filter>
    </ClCompile>
    <ClCompile Include="Bow02.cpp">
      <Filter>Engine\GameObject\UI\PlaySceneUI\Item\Bow_Arrow</Filter>
    </ClCompile>
    <ClCompile Include="Bow03.cpp">
      <Filter>Engine\GameObject\UI\PlaySceneUI\Item\Bow_Arrow</Filter>
    </ClCompile>
    <ClCompile Include="Bow01.cpp">
      <Filter>Engine\GameObject\UI\PlaySceneUI\Item\Bow_Arrow</Filter>
    </ClCompile>
    <ClCompile Include="Potion01.cpp">
      <Filter>Engine\GameObject\UI\PlaySceneUI\Item\Potion</Filter>
    </ClCompile>
    <ClCompile Include="Potion02.cpp">
      <Filter>Engine\GameObject\UI\PlaySceneUI\Item\Potion</Filter>
    </ClCompile>
    <ClCompile Include="Potion03.cpp">
      <Filter>Engine\GameObject\UI\PlaySceneUI\Item\Potion</Filter>
    </ClCompile>
    <ClCompile Include="Potion04.cpp">
      <Filter>Engine\GameObject\UI\PlaySceneUI\Item\Potion</Filter>
    </ClCompile>
    <ClCompile Include="Potion05.cpp">
      <Filter>Engine\GameObject\UI\PlaySceneUI\Item\Potion</Filter>
    </ClCompile>
    <ClCompile Include="Potion06.cpp">
      <Filter>Engine\GameObject\UI\PlaySceneUI\Item\Potion</Filter>
    </ClCompile>
    <ClCompile Include="Potion07.cpp">
      <Filter>Engine\GameObject\UI\PlaySceneUI\Item\Potion</Filter>
    </ClCompile>
    <ClCompile Include="Potion08.cpp">
      <Filter>Engine\GameObject\UI\PlaySceneUI\Item\Potion</Filter>
    </ClCompile>
    <ClCompile Include="Potion09.cpp">
      <Filter>Engine\GameObject\UI\PlaySceneUI\Item\Potion</Filter>
    </ClCompile>
    <ClCompile Include="Potion10.cpp">
      <Filter>Engine\GameObject\UI\PlaySceneUI\Item\Potion</Filter>
    </ClCompile>
    <ClCompile Include="Potion11.cpp">
      <Filter>Engine\GameObject\UI\PlaySceneUI\Item\Potion</Filter>
    </ClCompile>
    <ClCompile Include="Potion12.cpp">
      <Filter>Engine\GameObject\UI\PlaySceneUI\Item\Potion</Filter>
    </ClCompile>
    <ClCompile Include="Map_bg.cpp">
      <Filter>Engine\GameObject\UI\PlaySceneUI\Mid_Status_Bar\Map</Filter>
    </ClCompile>
    <ClCompile Include="Map_Gate.cpp">
      <Filter>Engine\GameObject\UI\PlaySceneUI\Mid_Status_Bar\Map</Filter>
    </ClCompile>
    <ClCompile Include="Map_Icon.cpp">
      <Filter>Engine\GameObject\UI\PlaySceneUI\Mid_Status_Bar\Map</Filter>
    </ClCompile>
    <ClCompile Include="Enemie_icon01.cpp">
      <Filter>Engine\GameObject\UI\PlaySceneUI\Mid_Status_Bar\Map</Filter>
    </ClCompile>
    <ClCompile Include="Enemie_icon02.cpp">
      <Filter>Engine\GameObject\UI\PlaySceneUI\Mid_Status_Bar\Map</Filter>
    </ClCompile>
    <ClCompile Include="Enemie_icon03.cpp">
      <Filter>Engine\GameObject\UI\PlaySceneUI\Mid_Status_Bar\Map</Filter>
    </ClCompile>
    <ClCompile Include="Enemie_icon04.cpp">
      <Filter>Engine\GameObject\UI\PlaySceneUI\Mid_Status_Bar\Map</Filter>
    </ClCompile>
    <ClCompile Include="Enemie_icon05.cpp">
      <Filter>Engine\GameObject\UI\PlaySceneUI\Mid_Status_Bar\Map</Filter>
    </ClCompile>
    <ClCompile Include="Map_Player_icon.cpp">
      <Filter>Engine\GameObject\UI\PlaySceneUI\Mid_Status_Bar\Map</Filter>
    </ClCompile>
  </ItemGroup>
</Project>